// !$*UTF8*$!
{
	archiveVersion = 1;
	classes = {
	};
	objectVersion = 55;
	objects = {

/* Begin PBXBuildFile section */
		1D1ACCD3D686FABADC6F77A5 /* Pods_Save_Word.framework in Frameworks */ = {isa = PBXBuildFile; fileRef = 1C34F74D5A2C8698BBC58259 /* Pods_Save_Word.framework */; };
		6017114F296B686900316ECA /* AboutAppCollectionViewController.swift in Sources */ = {isa = PBXBuildFile; fileRef = 6017114E296B686900316ECA /* AboutAppCollectionViewController.swift */; };
		60171151296B69AE00316ECA /* AboutAppPage.swift in Sources */ = {isa = PBXBuildFile; fileRef = 60171150296B69AE00316ECA /* AboutAppPage.swift */; };
		60171154296B6AE100316ECA /* AboutAppCollectionViewCell.swift in Sources */ = {isa = PBXBuildFile; fileRef = 60171153296B6AE100316ECA /* AboutAppCollectionViewCell.swift */; };
		6041B8E128C3BD6700A19546 /* AppDelegate.swift in Sources */ = {isa = PBXBuildFile; fileRef = 6041B8E028C3BD6700A19546 /* AppDelegate.swift */; };
		6041B8E328C3BD6700A19546 /* SceneDelegate.swift in Sources */ = {isa = PBXBuildFile; fileRef = 6041B8E228C3BD6700A19546 /* SceneDelegate.swift */; };
		6041B8E528C3BD6700A19546 /* ViewController.swift in Sources */ = {isa = PBXBuildFile; fileRef = 6041B8E428C3BD6700A19546 /* ViewController.swift */; };
		6041B8EB28C3BD6700A19546 /* Favorite_Words.xcdatamodeld in Sources */ = {isa = PBXBuildFile; fileRef = 6041B8E928C3BD6700A19546 /* Favorite_Words.xcdatamodeld */; };
		6041B8ED28C3BD6A00A19546 /* Assets.xcassets in Resources */ = {isa = PBXBuildFile; fileRef = 6041B8EC28C3BD6A00A19546 /* Assets.xcassets */; };
		6041B8F028C3BD6A00A19546 /* LaunchScreen.storyboard in Resources */ = {isa = PBXBuildFile; fileRef = 6041B8EE28C3BD6A00A19546 /* LaunchScreen.storyboard */; };
		6086B22E290C34DF00FA85C5 /* SWTabBarController.swift in Sources */ = {isa = PBXBuildFile; fileRef = 6086B22D290C34DF00FA85C5 /* SWTabBarController.swift */; };
		608852FC294C617000BC0CC0 /* DisplayNameViewController.swift in Sources */ = {isa = PBXBuildFile; fileRef = 608852FB294C616F00BC0CC0 /* DisplayNameViewController.swift */; };
		60932280293DE49400A96F11 /* SignUpViewController.swift in Sources */ = {isa = PBXBuildFile; fileRef = 6093227F293DE49400A96F11 /* SignUpViewController.swift */; };
		609913B829963E08000F8104 /* AboutAppModel.swift in Sources */ = {isa = PBXBuildFile; fileRef = 609913B729963E08000F8104 /* AboutAppModel.swift */; };
		60997243292C024B001208E7 /* TitleLabel.swift in Sources */ = {isa = PBXBuildFile; fileRef = 60997242292C024B001208E7 /* TitleLabel.swift */; };
		60997245292C026A001208E7 /* BodyLabel.swift in Sources */ = {isa = PBXBuildFile; fileRef = 60997244292C026A001208E7 /* BodyLabel.swift */; };
		60997247292C0299001208E7 /* SecondaryLabel.swift in Sources */ = {isa = PBXBuildFile; fileRef = 60997246292C0299001208E7 /* SecondaryLabel.swift */; };
		609B53372938D58F006FA178 /* ForgotPasswordViewController.swift in Sources */ = {isa = PBXBuildFile; fileRef = 609B53362938D58F006FA178 /* ForgotPasswordViewController.swift */; };
		60BA668C292146DC00922E56 /* SignInViewController.swift in Sources */ = {isa = PBXBuildFile; fileRef = 60BA668B292146DC00922E56 /* SignInViewController.swift */; };
		60BA668E29216F5D00922E56 /* Helpers.swift in Sources */ = {isa = PBXBuildFile; fileRef = 60BA668D29216F5D00922E56 /* Helpers.swift */; };
		60BA66912921778400922E56 /* CustomTextField.swift in Sources */ = {isa = PBXBuildFile; fileRef = 60BA66902921778400922E56 /* CustomTextField.swift */; };
		60DBB542291D961600D4DB35 /* CustomButton.swift in Sources */ = {isa = PBXBuildFile; fileRef = 60DBB541291D961600D4DB35 /* CustomButton.swift */; };
		60DE659F29198A5C00F5E115 /* WelcomeViewController.swift in Sources */ = {isa = PBXBuildFile; fileRef = 60DE659E29198A5C00F5E115 /* WelcomeViewController.swift */; };
/* End PBXBuildFile section */

/* Begin PBXFileReference section */
		1C34F74D5A2C8698BBC58259 /* Pods_Save_Word.framework */ = {isa = PBXFileReference; explicitFileType = wrapper.framework; includeInIndex = 0; path = Pods_Save_Word.framework; sourceTree = BUILT_PRODUCTS_DIR; };
		4F0DA2576079B94853850F0C /* Pods-Save Word.debug.xcconfig */ = {isa = PBXFileReference; includeInIndex = 1; lastKnownFileType = text.xcconfig; name = "Pods-Save Word.debug.xcconfig"; path = "Target Support Files/Pods-Save Word/Pods-Save Word.debug.xcconfig"; sourceTree = "<group>"; };
		6017114E296B686900316ECA /* AboutAppCollectionViewController.swift */ = {isa = PBXFileReference; lastKnownFileType = sourcecode.swift; path = AboutAppCollectionViewController.swift; sourceTree = "<group>"; };
		60171150296B69AE00316ECA /* AboutAppPage.swift */ = {isa = PBXFileReference; lastKnownFileType = sourcecode.swift; path = AboutAppPage.swift; sourceTree = "<group>"; };
		60171153296B6AE100316ECA /* AboutAppCollectionViewCell.swift */ = {isa = PBXFileReference; lastKnownFileType = sourcecode.swift; path = AboutAppCollectionViewCell.swift; sourceTree = "<group>"; };
		6041B8DD28C3BD6700A19546 /* Save Word.app */ = {isa = PBXFileReference; explicitFileType = wrapper.application; includeInIndex = 0; path = "Save Word.app"; sourceTree = BUILT_PRODUCTS_DIR; };
		6041B8E028C3BD6700A19546 /* AppDelegate.swift */ = {isa = PBXFileReference; lastKnownFileType = sourcecode.swift; path = AppDelegate.swift; sourceTree = "<group>"; };
		6041B8E228C3BD6700A19546 /* SceneDelegate.swift */ = {isa = PBXFileReference; lastKnownFileType = sourcecode.swift; path = SceneDelegate.swift; sourceTree = "<group>"; };
		6041B8E428C3BD6700A19546 /* ViewController.swift */ = {isa = PBXFileReference; lastKnownFileType = sourcecode.swift; path = ViewController.swift; sourceTree = "<group>"; };
		6041B8EA28C3BD6700A19546 /* Favorite_Words.xcdatamodel */ = {isa = PBXFileReference; lastKnownFileType = wrapper.xcdatamodel; path = Favorite_Words.xcdatamodel; sourceTree = "<group>"; };
		6041B8EC28C3BD6A00A19546 /* Assets.xcassets */ = {isa = PBXFileReference; lastKnownFileType = folder.assetcatalog; path = Assets.xcassets; sourceTree = "<group>"; };
		6041B8EF28C3BD6A00A19546 /* Base */ = {isa = PBXFileReference; lastKnownFileType = file.storyboard; name = Base; path = Base.lproj/LaunchScreen.storyboard; sourceTree = "<group>"; };
		6041B8F128C3BD6A00A19546 /* Info.plist */ = {isa = PBXFileReference; lastKnownFileType = text.plist.xml; path = Info.plist; sourceTree = "<group>"; };
		6086B22D290C34DF00FA85C5 /* SWTabBarController.swift */ = {isa = PBXFileReference; lastKnownFileType = sourcecode.swift; path = SWTabBarController.swift; sourceTree = "<group>"; };
		608852FB294C616F00BC0CC0 /* DisplayNameViewController.swift */ = {isa = PBXFileReference; lastKnownFileType = sourcecode.swift; path = DisplayNameViewController.swift; sourceTree = "<group>"; };
		6093227F293DE49400A96F11 /* SignUpViewController.swift */ = {isa = PBXFileReference; lastKnownFileType = sourcecode.swift; path = SignUpViewController.swift; sourceTree = "<group>"; };
		609913B729963E08000F8104 /* AboutAppModel.swift */ = {isa = PBXFileReference; lastKnownFileType = sourcecode.swift; path = AboutAppModel.swift; sourceTree = "<group>"; };
		60997242292C024B001208E7 /* TitleLabel.swift */ = {isa = PBXFileReference; lastKnownFileType = sourcecode.swift; path = TitleLabel.swift; sourceTree = "<group>"; };
		60997244292C026A001208E7 /* BodyLabel.swift */ = {isa = PBXFileReference; lastKnownFileType = sourcecode.swift; path = BodyLabel.swift; sourceTree = "<group>"; };
		60997246292C0299001208E7 /* SecondaryLabel.swift */ = {isa = PBXFileReference; lastKnownFileType = sourcecode.swift; path = SecondaryLabel.swift; sourceTree = "<group>"; };
		609B53362938D58F006FA178 /* ForgotPasswordViewController.swift */ = {isa = PBXFileReference; lastKnownFileType = sourcecode.swift; path = ForgotPasswordViewController.swift; sourceTree = "<group>"; };
		60BA668B292146DC00922E56 /* SignInViewController.swift */ = {isa = PBXFileReference; lastKnownFileType = sourcecode.swift; path = SignInViewController.swift; sourceTree = "<group>"; };
		60BA668D29216F5D00922E56 /* Helpers.swift */ = {isa = PBXFileReference; lastKnownFileType = sourcecode.swift; path = Helpers.swift; sourceTree = "<group>"; };
		60BA66902921778400922E56 /* CustomTextField.swift */ = {isa = PBXFileReference; lastKnownFileType = sourcecode.swift; path = CustomTextField.swift; sourceTree = "<group>"; };
		60DBB541291D961600D4DB35 /* CustomButton.swift */ = {isa = PBXFileReference; lastKnownFileType = sourcecode.swift; path = CustomButton.swift; sourceTree = "<group>"; };
		60DE659E29198A5C00F5E115 /* WelcomeViewController.swift */ = {isa = PBXFileReference; lastKnownFileType = sourcecode.swift; path = WelcomeViewController.swift; sourceTree = "<group>"; };
		D91E62DD3F1304408EB40DFE /* Pods-Save Word.release.xcconfig */ = {isa = PBXFileReference; includeInIndex = 1; lastKnownFileType = text.xcconfig; name = "Pods-Save Word.release.xcconfig"; path = "Target Support Files/Pods-Save Word/Pods-Save Word.release.xcconfig"; sourceTree = "<group>"; };
/* End PBXFileReference section */

/* Begin PBXFrameworksBuildPhase section */
		6041B8DA28C3BD6700A19546 /* Frameworks */ = {
			isa = PBXFrameworksBuildPhase;
			buildActionMask = 2147483647;
			files = (
				1D1ACCD3D686FABADC6F77A5 /* Pods_Save_Word.framework in Frameworks */,
			);
			runOnlyForDeploymentPostprocessing = 0;
		};
/* End PBXFrameworksBuildPhase section */

/* Begin PBXGroup section */
		2B6E1F5E6E771B47DD8B58B8 /* Frameworks */ = {
			isa = PBXGroup;
			children = (
				1C34F74D5A2C8698BBC58259 /* Pods_Save_Word.framework */,
			);
			name = Frameworks;
			sourceTree = "<group>";
		};
		60171152296B6A8100316ECA /* Models */ = {
			isa = PBXGroup;
			children = (
				60171150296B69AE00316ECA /* AboutAppPage.swift */,
			);
			path = Models;
			sourceTree = "<group>";
		};
		60171155296B6AF500316ECA /* Cells */ = {
			isa = PBXGroup;
			children = (
				60171153296B6AE100316ECA /* AboutAppCollectionViewCell.swift */,
			);
			path = Cells;
			sourceTree = "<group>";
		};
		6041B8D428C3BD6700A19546 = {
			isa = PBXGroup;
			children = (
				6041B8DF28C3BD6700A19546 /* Save Word */,
				6041B8DE28C3BD6700A19546 /* Products */,
				F34CA9349F88D4891288077A /* Pods */,
				2B6E1F5E6E771B47DD8B58B8 /* Frameworks */,
			);
			sourceTree = "<group>";
		};
		6041B8DE28C3BD6700A19546 /* Products */ = {
			isa = PBXGroup;
			children = (
				6041B8DD28C3BD6700A19546 /* Save Word.app */,
			);
			name = Products;
			sourceTree = "<group>";
		};
		6041B8DF28C3BD6700A19546 /* Save Word */ = {
			isa = PBXGroup;
			children = (
				6041B8E028C3BD6700A19546 /* AppDelegate.swift */,
				6041B8E228C3BD6700A19546 /* SceneDelegate.swift */,
				60DE659E29198A5C00F5E115 /* WelcomeViewController.swift */,
				60BA668B292146DC00922E56 /* SignInViewController.swift */,
				6093227F293DE49400A96F11 /* SignUpViewController.swift */,
				609B53362938D58F006FA178 /* ForgotPasswordViewController.swift */,
				608852FB294C616F00BC0CC0 /* DisplayNameViewController.swift */,
				6017114E296B686900316ECA /* AboutAppCollectionViewController.swift */,
				609913B729963E08000F8104 /* AboutAppModel.swift */,
				60171155296B6AF500316ECA /* Cells */,
				60171152296B6A8100316ECA /* Models */,
				60BA403F291D9EC400F9533C /* Custom Views */,
				6041B8E428C3BD6700A19546 /* ViewController.swift */,
				6086B22D290C34DF00FA85C5 /* SWTabBarController.swift */,
				6041B8EC28C3BD6A00A19546 /* Assets.xcassets */,
				6041B8EE28C3BD6A00A19546 /* LaunchScreen.storyboard */,
				6041B8F128C3BD6A00A19546 /* Info.plist */,
				6041B8E928C3BD6700A19546 /* Favorite_Words.xcdatamodeld */,
				609E55FE293FC46100ECE20B /* Helpers */,
			);
			path = "Save Word";
			sourceTree = "<group>";
		};
		60997248292C02A6001208E7 /* Titles */ = {
			isa = PBXGroup;
			children = (
				60997242292C024B001208E7 /* TitleLabel.swift */,
				60997244292C026A001208E7 /* BodyLabel.swift */,
				60997246292C0299001208E7 /* SecondaryLabel.swift */,
			);
			path = Titles;
			sourceTree = "<group>";
		};
		609E55FE293FC46100ECE20B /* Helpers */ = {
			isa = PBXGroup;
			children = (
				60BA668D29216F5D00922E56 /* Helpers.swift */,
			);
			path = Helpers;
			sourceTree = "<group>";
		};
		60BA403F291D9EC400F9533C /* Custom Views */ = {
			isa = PBXGroup;
			children = (
				60BA668F2921774700922E56 /* TextFields */,
				60BA4040291D9EDE00F9533C /* Buttons */,
				60997248292C02A6001208E7 /* Titles */,
			);
			path = "Custom Views";
			sourceTree = "<group>";
		};
		60BA4040291D9EDE00F9533C /* Buttons */ = {
			isa = PBXGroup;
			children = (
				60DBB541291D961600D4DB35 /* CustomButton.swift */,
			);
			path = Buttons;
			sourceTree = "<group>";
		};
		60BA668F2921774700922E56 /* TextFields */ = {
			isa = PBXGroup;
			children = (
				60BA66902921778400922E56 /* CustomTextField.swift */,
			);
			path = TextFields;
			sourceTree = "<group>";
		};
		F34CA9349F88D4891288077A /* Pods */ = {
			isa = PBXGroup;
			children = (
				4F0DA2576079B94853850F0C /* Pods-Save Word.debug.xcconfig */,
				D91E62DD3F1304408EB40DFE /* Pods-Save Word.release.xcconfig */,
			);
			path = Pods;
			sourceTree = "<group>";
		};
/* End PBXGroup section */

/* Begin PBXNativeTarget section */
		6041B8DC28C3BD6700A19546 /* Save Word */ = {
			isa = PBXNativeTarget;
			buildConfigurationList = 6041B8F428C3BD6A00A19546 /* Build configuration list for PBXNativeTarget "Save Word" */;
			buildPhases = (
				0898C1D792D5E0807A25C842 /* [CP] Check Pods Manifest.lock */,
				6041B8D928C3BD6700A19546 /* Sources */,
				6041B8DA28C3BD6700A19546 /* Frameworks */,
				6041B8DB28C3BD6700A19546 /* Resources */,
				ADED52B0238E6F187FB86E67 /* [CP] Embed Pods Frameworks */,
			);
			buildRules = (
			);
			dependencies = (
			);
			name = "Save Word";
			productName = "Favorite Words";
			productReference = 6041B8DD28C3BD6700A19546 /* Save Word.app */;
			productType = "com.apple.product-type.application";
		};
/* End PBXNativeTarget section */

/* Begin PBXProject section */
		6041B8D528C3BD6700A19546 /* Project object */ = {
			isa = PBXProject;
			attributes = {
				BuildIndependentTargetsInParallel = 1;
				LastSwiftUpdateCheck = 1340;
				LastUpgradeCheck = 1340;
				TargetAttributes = {
					6041B8DC28C3BD6700A19546 = {
						CreatedOnToolsVersion = 13.4.1;
					};
				};
			};
			buildConfigurationList = 6041B8D828C3BD6700A19546 /* Build configuration list for PBXProject "Save Word" */;
			compatibilityVersion = "Xcode 13.0";
			developmentRegion = en;
			hasScannedForEncodings = 0;
			knownRegions = (
				en,
				Base,
			);
			mainGroup = 6041B8D428C3BD6700A19546;
			productRefGroup = 6041B8DE28C3BD6700A19546 /* Products */;
			projectDirPath = "";
			projectRoot = "";
			targets = (
				6041B8DC28C3BD6700A19546 /* Save Word */,
			);
		};
/* End PBXProject section */

/* Begin PBXResourcesBuildPhase section */
		6041B8DB28C3BD6700A19546 /* Resources */ = {
			isa = PBXResourcesBuildPhase;
			buildActionMask = 2147483647;
			files = (
				6041B8F028C3BD6A00A19546 /* LaunchScreen.storyboard in Resources */,
				6041B8ED28C3BD6A00A19546 /* Assets.xcassets in Resources */,
			);
			runOnlyForDeploymentPostprocessing = 0;
		};
/* End PBXResourcesBuildPhase section */

/* Begin PBXShellScriptBuildPhase section */
		0898C1D792D5E0807A25C842 /* [CP] Check Pods Manifest.lock */ = {
			isa = PBXShellScriptBuildPhase;
			buildActionMask = 2147483647;
			files = (
			);
			inputFileListPaths = (
			);
			inputPaths = (
				"${PODS_PODFILE_DIR_PATH}/Podfile.lock",
				"${PODS_ROOT}/Manifest.lock",
			);
			name = "[CP] Check Pods Manifest.lock";
			outputFileListPaths = (
			);
			outputPaths = (
				"$(DERIVED_FILE_DIR)/Pods-Save Word-checkManifestLockResult.txt",
			);
			runOnlyForDeploymentPostprocessing = 0;
			shellPath = /bin/sh;
			shellScript = "diff \"${PODS_PODFILE_DIR_PATH}/Podfile.lock\" \"${PODS_ROOT}/Manifest.lock\" > /dev/null\nif [ $? != 0 ] ; then\n    # print error to STDERR\n    echo \"error: The sandbox is not in sync with the Podfile.lock. Run 'pod install' or update your CocoaPods installation.\" >&2\n    exit 1\nfi\n# This output is used by Xcode 'outputs' to avoid re-running this script phase.\necho \"SUCCESS\" > \"${SCRIPT_OUTPUT_FILE_0}\"\n";
			showEnvVarsInLog = 0;
		};
		ADED52B0238E6F187FB86E67 /* [CP] Embed Pods Frameworks */ = {
			isa = PBXShellScriptBuildPhase;
			buildActionMask = 2147483647;
			files = (
			);
			inputFileListPaths = (
				"${PODS_ROOT}/Target Support Files/Pods-Save Word/Pods-Save Word-frameworks-${CONFIGURATION}-input-files.xcfilelist",
			);
			name = "[CP] Embed Pods Frameworks";
			outputFileListPaths = (
				"${PODS_ROOT}/Target Support Files/Pods-Save Word/Pods-Save Word-frameworks-${CONFIGURATION}-output-files.xcfilelist",
			);
			runOnlyForDeploymentPostprocessing = 0;
			shellPath = /bin/sh;
			shellScript = "\"${PODS_ROOT}/Target Support Files/Pods-Save Word/Pods-Save Word-frameworks.sh\"\n";
			showEnvVarsInLog = 0;
		};
/* End PBXShellScriptBuildPhase section */

/* Begin PBXSourcesBuildPhase section */
		6041B8D928C3BD6700A19546 /* Sources */ = {
			isa = PBXSourcesBuildPhase;
			buildActionMask = 2147483647;
			files = (
				608852FC294C617000BC0CC0 /* DisplayNameViewController.swift in Sources */,
				60997245292C026A001208E7 /* BodyLabel.swift in Sources */,
				6041B8E528C3BD6700A19546 /* ViewController.swift in Sources */,
				60DBB542291D961600D4DB35 /* CustomButton.swift in Sources */,
				60997247292C0299001208E7 /* SecondaryLabel.swift in Sources */,
				6017114F296B686900316ECA /* AboutAppCollectionViewController.swift in Sources */,
				6086B22E290C34DF00FA85C5 /* SWTabBarController.swift in Sources */,
				6041B8EB28C3BD6700A19546 /* Favorite_Words.xcdatamodeld in Sources */,
				60171151296B69AE00316ECA /* AboutAppPage.swift in Sources */,
				60997243292C024B001208E7 /* TitleLabel.swift in Sources */,
				60BA66912921778400922E56 /* CustomTextField.swift in Sources */,
				609B53372938D58F006FA178 /* ForgotPasswordViewController.swift in Sources */,
				60BA668E29216F5D00922E56 /* Helpers.swift in Sources */,
				60BA668C292146DC00922E56 /* SignInViewController.swift in Sources */,
				60DE659F29198A5C00F5E115 /* WelcomeViewController.swift in Sources */,
				609913B829963E08000F8104 /* AboutAppModel.swift in Sources */,
				60171154296B6AE100316ECA /* AboutAppCollectionViewCell.swift in Sources */,
				60932280293DE49400A96F11 /* SignUpViewController.swift in Sources */,
				6041B8E128C3BD6700A19546 /* AppDelegate.swift in Sources */,
				6041B8E328C3BD6700A19546 /* SceneDelegate.swift in Sources */,
			);
			runOnlyForDeploymentPostprocessing = 0;
		};
/* End PBXSourcesBuildPhase section */

/* Begin PBXVariantGroup section */
		6041B8EE28C3BD6A00A19546 /* LaunchScreen.storyboard */ = {
			isa = PBXVariantGroup;
			children = (
				6041B8EF28C3BD6A00A19546 /* Base */,
			);
			name = LaunchScreen.storyboard;
			sourceTree = "<group>";
		};
/* End PBXVariantGroup section */

/* Begin XCBuildConfiguration section */
		6041B8F228C3BD6A00A19546 /* Debug */ = {
			isa = XCBuildConfiguration;
			buildSettings = {
				ALWAYS_SEARCH_USER_PATHS = NO;
				CLANG_ANALYZER_NONNULL = YES;
				CLANG_ANALYZER_NUMBER_OBJECT_CONVERSION = YES_AGGRESSIVE;
				CLANG_CXX_LANGUAGE_STANDARD = "gnu++17";
				CLANG_ENABLE_MODULES = YES;
				CLANG_ENABLE_OBJC_ARC = YES;
				CLANG_ENABLE_OBJC_WEAK = YES;
				CLANG_WARN_BLOCK_CAPTURE_AUTORELEASING = YES;
				CLANG_WARN_BOOL_CONVERSION = YES;
				CLANG_WARN_COMMA = YES;
				CLANG_WARN_CONSTANT_CONVERSION = YES;
				CLANG_WARN_DEPRECATED_OBJC_IMPLEMENTATIONS = YES;
				CLANG_WARN_DIRECT_OBJC_ISA_USAGE = YES_ERROR;
				CLANG_WARN_DOCUMENTATION_COMMENTS = YES;
				CLANG_WARN_EMPTY_BODY = YES;
				CLANG_WARN_ENUM_CONVERSION = YES;
				CLANG_WARN_INFINITE_RECURSION = YES;
				CLANG_WARN_INT_CONVERSION = YES;
				CLANG_WARN_NON_LITERAL_NULL_CONVERSION = YES;
				CLANG_WARN_OBJC_IMPLICIT_RETAIN_SELF = YES;
				CLANG_WARN_OBJC_LITERAL_CONVERSION = YES;
				CLANG_WARN_OBJC_ROOT_CLASS = YES_ERROR;
				CLANG_WARN_QUOTED_INCLUDE_IN_FRAMEWORK_HEADER = YES;
				CLANG_WARN_RANGE_LOOP_ANALYSIS = YES;
				CLANG_WARN_STRICT_PROTOTYPES = YES;
				CLANG_WARN_SUSPICIOUS_MOVE = YES;
				CLANG_WARN_UNGUARDED_AVAILABILITY = YES_AGGRESSIVE;
				CLANG_WARN_UNREACHABLE_CODE = YES;
				CLANG_WARN__DUPLICATE_METHOD_MATCH = YES;
				COPY_PHASE_STRIP = NO;
				DEBUG_INFORMATION_FORMAT = dwarf;
				ENABLE_STRICT_OBJC_MSGSEND = YES;
				ENABLE_TESTABILITY = YES;
				GCC_C_LANGUAGE_STANDARD = gnu11;
				GCC_DYNAMIC_NO_PIC = NO;
				GCC_NO_COMMON_BLOCKS = YES;
				GCC_OPTIMIZATION_LEVEL = 0;
				GCC_PREPROCESSOR_DEFINITIONS = (
					"DEBUG=1",
					"$(inherited)",
				);
				GCC_WARN_64_TO_32_BIT_CONVERSION = YES;
				GCC_WARN_ABOUT_RETURN_TYPE = YES_ERROR;
				GCC_WARN_UNDECLARED_SELECTOR = YES;
				GCC_WARN_UNINITIALIZED_AUTOS = YES_AGGRESSIVE;
				GCC_WARN_UNUSED_FUNCTION = YES;
				GCC_WARN_UNUSED_VARIABLE = YES;
				IPHONEOS_DEPLOYMENT_TARGET = 15.5;
				MTL_ENABLE_DEBUG_INFO = INCLUDE_SOURCE;
				MTL_FAST_MATH = YES;
				ONLY_ACTIVE_ARCH = YES;
				SDKROOT = iphoneos;
				SWIFT_ACTIVE_COMPILATION_CONDITIONS = DEBUG;
				SWIFT_OPTIMIZATION_LEVEL = "-Onone";
			};
			name = Debug;
		};
		6041B8F328C3BD6A00A19546 /* Release */ = {
			isa = XCBuildConfiguration;
			buildSettings = {
				ALWAYS_SEARCH_USER_PATHS = NO;
				CLANG_ANALYZER_NONNULL = YES;
				CLANG_ANALYZER_NUMBER_OBJECT_CONVERSION = YES_AGGRESSIVE;
				CLANG_CXX_LANGUAGE_STANDARD = "gnu++17";
				CLANG_ENABLE_MODULES = YES;
				CLANG_ENABLE_OBJC_ARC = YES;
				CLANG_ENABLE_OBJC_WEAK = YES;
				CLANG_WARN_BLOCK_CAPTURE_AUTORELEASING = YES;
				CLANG_WARN_BOOL_CONVERSION = YES;
				CLANG_WARN_COMMA = YES;
				CLANG_WARN_CONSTANT_CONVERSION = YES;
				CLANG_WARN_DEPRECATED_OBJC_IMPLEMENTATIONS = YES;
				CLANG_WARN_DIRECT_OBJC_ISA_USAGE = YES_ERROR;
				CLANG_WARN_DOCUMENTATION_COMMENTS = YES;
				CLANG_WARN_EMPTY_BODY = YES;
				CLANG_WARN_ENUM_CONVERSION = YES;
				CLANG_WARN_INFINITE_RECURSION = YES;
				CLANG_WARN_INT_CONVERSION = YES;
				CLANG_WARN_NON_LITERAL_NULL_CONVERSION = YES;
				CLANG_WARN_OBJC_IMPLICIT_RETAIN_SELF = YES;
				CLANG_WARN_OBJC_LITERAL_CONVERSION = YES;
				CLANG_WARN_OBJC_ROOT_CLASS = YES_ERROR;
				CLANG_WARN_QUOTED_INCLUDE_IN_FRAMEWORK_HEADER = YES;
				CLANG_WARN_RANGE_LOOP_ANALYSIS = YES;
				CLANG_WARN_STRICT_PROTOTYPES = YES;
				CLANG_WARN_SUSPICIOUS_MOVE = YES;
				CLANG_WARN_UNGUARDED_AVAILABILITY = YES_AGGRESSIVE;
				CLANG_WARN_UNREACHABLE_CODE = YES;
				CLANG_WARN__DUPLICATE_METHOD_MATCH = YES;
				COPY_PHASE_STRIP = NO;
				DEBUG_INFORMATION_FORMAT = "dwarf-with-dsym";
				ENABLE_NS_ASSERTIONS = NO;
				ENABLE_STRICT_OBJC_MSGSEND = YES;
				GCC_C_LANGUAGE_STANDARD = gnu11;
				GCC_NO_COMMON_BLOCKS = YES;
				GCC_WARN_64_TO_32_BIT_CONVERSION = YES;
				GCC_WARN_ABOUT_RETURN_TYPE = YES_ERROR;
				GCC_WARN_UNDECLARED_SELECTOR = YES;
				GCC_WARN_UNINITIALIZED_AUTOS = YES_AGGRESSIVE;
				GCC_WARN_UNUSED_FUNCTION = YES;
				GCC_WARN_UNUSED_VARIABLE = YES;
				IPHONEOS_DEPLOYMENT_TARGET = 15.5;
				MTL_ENABLE_DEBUG_INFO = NO;
				MTL_FAST_MATH = YES;
				SDKROOT = iphoneos;
				SWIFT_COMPILATION_MODE = wholemodule;
				SWIFT_OPTIMIZATION_LEVEL = "-O";
				VALIDATE_PRODUCT = YES;
			};
			name = Release;
		};
		6041B8F528C3BD6A00A19546 /* Debug */ = {
			isa = XCBuildConfiguration;
			baseConfigurationReference = 4F0DA2576079B94853850F0C /* Pods-Save Word.debug.xcconfig */;
			buildSettings = {
				ASSETCATALOG_COMPILER_APPICON_NAME = AppIcon;
				ASSETCATALOG_COMPILER_GLOBAL_ACCENT_COLOR_NAME = AccentColor;
				CODE_SIGN_STYLE = Automatic;
				CURRENT_PROJECT_VERSION = 1;
				DEVELOPMENT_TEAM = 52244XZHVN;
				GENERATE_INFOPLIST_FILE = YES;
				INFOPLIST_FILE = "/Users/xlevchenko/Development/Personal project/Save Word/Save word/Info.plist";
				INFOPLIST_KEY_CFBundleDisplayName = "Save Word";
				INFOPLIST_KEY_LSApplicationCategoryType = "public.app-category.education";
				INFOPLIST_KEY_UIApplicationSupportsIndirectInputEvents = YES;
				INFOPLIST_KEY_UILaunchStoryboardName = LaunchScreen.storyboard;
				INFOPLIST_KEY_UIMainStoryboardFile = "";
				INFOPLIST_KEY_UISupportedInterfaceOrientations = UIInterfaceOrientationPortrait;
				INFOPLIST_KEY_UISupportedInterfaceOrientations_iPad = "UIInterfaceOrientationLandscapeLeft UIInterfaceOrientationLandscapeRight UIInterfaceOrientationPortrait UIInterfaceOrientationPortraitUpsideDown";
				LD_RUNPATH_SEARCH_PATHS = (
					"$(inherited)",
					"@executable_path/Frameworks",
				);
				MARKETING_VERSION = 1.0;
				PRODUCT_BUNDLE_IDENTIFIER = "co.levchenko.Favorite-Words";
				PRODUCT_NAME = "$(TARGET_NAME)";
				SUPPORTED_PLATFORMS = "iphoneos iphonesimulator";
				SUPPORTS_MACCATALYST = NO;
				SUPPORTS_MAC_DESIGNED_FOR_IPHONE_IPAD = NO;
				SWIFT_EMIT_LOC_STRINGS = YES;
				SWIFT_VERSION = 5.0;
				TARGETED_DEVICE_FAMILY = 1;
			};
			name = Debug;
		};
		6041B8F628C3BD6A00A19546 /* Release */ = {
			isa = XCBuildConfiguration;
			baseConfigurationReference = D91E62DD3F1304408EB40DFE /* Pods-Save Word.release.xcconfig */;
			buildSettings = {
				ASSETCATALOG_COMPILER_APPICON_NAME = AppIcon;
				ASSETCATALOG_COMPILER_GLOBAL_ACCENT_COLOR_NAME = AccentColor;
				CODE_SIGN_STYLE = Automatic;
				CURRENT_PROJECT_VERSION = 1;
				DEVELOPMENT_TEAM = 52244XZHVN;
				GENERATE_INFOPLIST_FILE = YES;
				INFOPLIST_FILE = "/Users/xlevchenko/Development/Personal project/Save Word/Save word/Info.plist";
				INFOPLIST_KEY_CFBundleDisplayName = "Save Word";
				INFOPLIST_KEY_LSApplicationCategoryType = "public.app-category.education";
				INFOPLIST_KEY_UIApplicationSupportsIndirectInputEvents = YES;
				INFOPLIST_KEY_UILaunchStoryboardName = LaunchScreen.storyboard;
				INFOPLIST_KEY_UIMainStoryboardFile = "";
				INFOPLIST_KEY_UISupportedInterfaceOrientations = UIInterfaceOrientationPortrait;
				INFOPLIST_KEY_UISupportedInterfaceOrientations_iPad = "UIInterfaceOrientationLandscapeLeft UIInterfaceOrientationLandscapeRight UIInterfaceOrientationPortrait UIInterfaceOrientationPortraitUpsideDown";
				LD_RUNPATH_SEARCH_PATHS = (
					"$(inherited)",
					"@executable_path/Frameworks",
				);
				MARKETING_VERSION = 1.0;
				PRODUCT_BUNDLE_IDENTIFIER = "co.levchenko.Favorite-Words";
				PRODUCT_NAME = "$(TARGET_NAME)";
				SUPPORTED_PLATFORMS = "iphoneos iphonesimulator";
				SUPPORTS_MACCATALYST = NO;
				SUPPORTS_MAC_DESIGNED_FOR_IPHONE_IPAD = NO;
				SWIFT_EMIT_LOC_STRINGS = YES;
				SWIFT_VERSION = 5.0;
				TARGETED_DEVICE_FAMILY = 1;
			};
			name = Release;
		};
/* End XCBuildConfiguration section */

/* Begin XCConfigurationList section */
		6041B8D828C3BD6700A19546 /* Build configuration list for PBXProject "Save Word" */ = {
			isa = XCConfigurationList;
			buildConfigurations = (
				6041B8F228C3BD6A00A19546 /* Debug */,
				6041B8F328C3BD6A00A19546 /* Release */,
			);
			defaultConfigurationIsVisible = 0;
			defaultConfigurationName = Release;
		};
		6041B8F428C3BD6A00A19546 /* Build configuration list for PBXNativeTarget "Save Word" */ = {
			isa = XCConfigurationList;
			buildConfigurations = (
				6041B8F528C3BD6A00A19546 /* Debug */,
				6041B8F628C3BD6A00A19546 /* Release */,
			);
			defaultConfigurationIsVisible = 0;
			defaultConfigurationName = Release;
		};
/* End XCConfigurationList section */

/* Begin XCVersionGroup section */
		6041B8E928C3BD6700A19546 /* Favorite_Words.xcdatamodeld */ = {
			isa = XCVersionGroup;
			children = (
				6041B8EA28C3BD6700A19546 /* Favorite_Words.xcdatamodel */,
			);
			currentVersion = 6041B8EA28C3BD6700A19546 /* Favorite_Words.xcdatamodel */;
			path = Favorite_Words.xcdatamodeld;
			sourceTree = "<group>";
			versionGroupType = wrapper.xcdatamodel;
		};
/* End XCVersionGroup section */
	};
	rootObject = 6041B8D528C3BD6700A19546 /* Project object */;
}
